[[package]]
name = "aiocsv"
version = "1.2.2"
description = "Asynchronous CSV reading/writing"
category = "main"
optional = false
python-versions = ">=3.6, <4"

[[package]]
name = "aiofiles"
version = "0.8.0"
description = "File support for asyncio."
category = "main"
optional = false
python-versions = ">=3.6,<4.0"

[[package]]
name = "line-profiler"
version = "3.5.1"
description = "Line-by-line profiler."
category = "main"
optional = false
python-versions = "*"

[package.extras]
all = ["IPython (>=0.13)", "IPython (>=0.13,<7.17.0)", "cmake", "coverage[toml] (>=5.3)", "cython", "ninja", "pytest (>=4.6.11)", "pytest-cov (>=2.10.1)", "scikit-build", "ubelt (>=1.0.1)"]
build = ["cmake", "cython", "ninja", "scikit-build"]
ipython = ["IPython (>=0.13)", "IPython (>=0.13,<7.17.0)"]
tests = ["IPython (>=0.13)", "IPython (>=0.13,<7.17.0)", "coverage[toml] (>=5.3)", "pytest (>=4.6.11)", "pytest-cov (>=2.10.1)", "ubelt (>=1.0.1)"]

[metadata]
lock-version = "1.1"
python-versions = "^3.8"
content-hash = "825cde590e6d0f885be9c3470d8bc74ec47afa6d808e30eb1a804450326626f3"

[metadata.files]
aiocsv = [
    {file = "aiocsv-1.2.2-cp310-cp310-macosx_10_9_x86_64.whl", hash = "sha256:8ec7f5f8918412389cbe8f5a7b3ca06b688d3a16bf7958e9a05f25b3b10fb052"},
    {file = "aiocsv-1.2.2-cp310-cp310-manylinux_2_17_x86_64.manylinux2014_x86_64.whl", hash = "sha256:9811ba6f74013b9969662f3ed3b99b435eaca35be0df84dde2fb8be9b046e621"},
    {file = "aiocsv-1.2.2-cp310-cp310-musllinux_1_1_x86_64.whl", hash = "sha256:c0bf6c1583a921717891e6a8f3decf60375caef2e266fc890ba98c63a5b32412"},
    {file = "aiocsv-1.2.2-cp310-cp310-win_amd64.whl", hash = "sha256:9c936e050c40ec648623917b89e1eb7dc7c1ca5ca65b927097427bf64e2d285b"},
    {file = "aiocsv-1.2.2-cp36-cp36m-macosx_10_9_x86_64.whl", hash = "sha256:7e88c5a0e388acc71e506adb9bd0857195962d8dac16037285364f6c02789147"},
    {file = "aiocsv-1.2.2-cp36-cp36m-manylinux_2_17_x86_64.manylinux2014_x86_64.whl", hash = "sha256:095dd7851200369eeb95624f1c2bbd0f6917eaed17d0b7b7d9b6a4edb733a7e6"},
    {file = "aiocsv-1.2.2-cp36-cp36m-musllinux_1_1_x86_64.whl", hash = "sha256:6b8ed455f2e25f0aa68dbe9cfe37426ea86d8c3047c16f33ef0a238b2a62cb41"},
    {file = "aiocsv-1.2.2-cp36-cp36m-win_amd64.whl", hash = "sha256:a969cc7bf4fd1cd7ee3939c0855696f57060e7f0ac962717e42968929b3113f0"},
    {file = "aiocsv-1.2.2-cp37-cp37m-macosx_10_9_x86_64.whl", hash = "sha256:26bbb0d845eb00d95750c68a0467b1ecde8749be7ddef5102712af895791f19d"},
    {file = "aiocsv-1.2.2-cp37-cp37m-manylinux_2_17_x86_64.manylinux2014_x86_64.whl", hash = "sha256:c29576ffbba421dcfff630bbf676e07763de66f88c738848224adca90fd9cfe1"},
    {file = "aiocsv-1.2.2-cp37-cp37m-musllinux_1_1_x86_64.whl", hash = "sha256:fdd51c9e1b8772d9a2503c38b43098c9d223b7f6afac175dee79b6a85c7b7e23"},
    {file = "aiocsv-1.2.2-cp37-cp37m-win_amd64.whl", hash = "sha256:0c7e06bd0a159ea3171e6fd28f739a9aa1c8e07b1a6c731c8d7d09abe6c01286"},
    {file = "aiocsv-1.2.2-cp38-cp38-macosx_10_9_x86_64.whl", hash = "sha256:8c038ebc30814bd2004c8f32a19074e8363435db4b9fcfac5d796644a971011d"},
    {file = "aiocsv-1.2.2-cp38-cp38-manylinux_2_17_x86_64.manylinux2014_x86_64.whl", hash = "sha256:9d9ffb6f84933d7f6f3d09359e0179aafdf42997f0dd8ebf89cabc1ea18d21ad"},
    {file = "aiocsv-1.2.2-cp38-cp38-musllinux_1_1_x86_64.whl", hash = "sha256:cd602882acec31fe7a74ad3ac619c82c8adc8fd192809da30e187e8cf1c49b01"},
    {file = "aiocsv-1.2.2-cp38-cp38-win_amd64.whl", hash = "sha256:666454afb2683c37de8d47bd607b1b7fc824ecf8bf760d5d1d79d9444d591054"},
    {file = "aiocsv-1.2.2-cp39-cp39-macosx_10_9_x86_64.whl", hash = "sha256:65f0db9c2a943e303305d8e07bf5d558979e1478d6400a97d7b19574ecea5441"},
    {file = "aiocsv-1.2.2-cp39-cp39-manylinux_2_17_x86_64.manylinux2014_x86_64.whl", hash = "sha256:1fa30dcee9f87099c4afdb2a3c7a16076fd87d57468e9410c4137e110dfbe8c9"},
    {file = "aiocsv-1.2.2-cp39-cp39-musllinux_1_1_x86_64.whl", hash = "sha256:1c968ac5a9c9e5dd828a14b47b29f7761a5fbf9561fd529e82cf48dd9c8078ba"},
    {file = "aiocsv-1.2.2-cp39-cp39-win_amd64.whl", hash = "sha256:efe118970ff7ee04b0bcac50347ffbe693a8156d0187942c21e2381a3ec283e5"},
    {file = "aiocsv-1.2.2.tar.gz", hash = "sha256:3060c9f196a8e44b4b3758c0ef6fda2c710b4ac5965e8a6eff67739958c6ea1f"},
]
aiofiles = [
    {file = "aiofiles-0.8.0-py3-none-any.whl", hash = "sha256:7a973fc22b29e9962d0897805ace5856e6a566ab1f0c8e5c91ff6c866519c937"},
    {file = "aiofiles-0.8.0.tar.gz", hash = "sha256:8334f23235248a3b2e83b2c3a78a22674f39969b96397126cc93664d9a901e59"},
]
line-profiler = [
    {file = "line_profiler-3.5.1-cp310-cp310-macosx_10_9_x86_64.whl", hash = "sha256:409e32944176d4004df4308cc37674c1e48ea7444918c129edf5da68ded305c6"},
    {file = "line_profiler-3.5.1-cp310-cp310-manylinux_2_17_aarch64.manylinux2014_aarch64.whl", hash = "sha256:3d675732d221b5a4bfe48f57bd0ed2f759ad919e650890f4f5f1cf6536c1bc23"},
    {file = "line_profiler-3.5.1-cp310-cp310-manylinux_2_17_x86_64.manylinux2014_x86_64.whl", hash = "sha256:bf3c88730d8a39a03c536d729f50d78d0947bf836c5809993781c8d730a7a4a2"},
    {file = "line_profiler-3.5.1-cp310-cp310-manylinux_2_5_i686.manylinux1_i686.manylinux_2_17_i686.manylinux2014_i686.whl", hash = "sha256:916ba4f353fe0c6edf44394d02de8ea4e6bd5225e3c8c876a6879e8c61fec36a"},
    {file = "line_profiler-3.5.1-cp310-cp310-musllinux_1_1_aarch64.whl", hash = "sha256:4086531248ca399fecace5a2fb1c6e0723e07d72406b123f1f9ff91d0519ac7c"},
    {file = "line_profiler-3.5.1-cp310-cp310-musllinux_1_1_i686.whl", hash = "sha256:7ee3e8df7ee4fa6ce12010adf4a5938862367b7d903614568abae307ffa46062"},
    {file = "line_profiler-3.5.1-cp310-cp310-musllinux_1_1_x86_64.whl", hash = "sha256:8971a6ccd7f0ffda45f30ca39b55877c455fc020308336093d6e468352436196"},
    {file = "line_profiler-3.5.1-cp310-cp310-win32.whl", hash = "sha256:ff31ae34e3db3c161321d714106e9d3b9755c231ef1b716539fefc49b2855d21"},
    {file = "line_profiler-3.5.1-cp310-cp310-win_amd64.whl", hash = "sha256:ee44195421ccb95f8f039d27d8ec797f3ad25e816c08365302c8b03963a798e6"},
    {file = "line_profiler-3.5.1-cp36-cp36m-macosx_10_9_x86_64.whl", hash = "sha256:691c66477ed832141e76359d5b25db97d04cf9620fbce6a84de1989eb0d3a2fe"},
    {file = "line_profiler-3.5.1-cp36-cp36m-manylinux_2_17_aarch64.manylinux2014_aarch64.whl", hash = "sha256:7fbe8a7e9f38721020ce3fcb73567dc862735c9a138458477840b4fb03440153"},
    {file = "line_profiler-3.5.1-cp36-cp36m-manylinux_2_17_x86_64.manylinux2014_x86_64.whl", hash = "sha256:dddd5f2239d716ed471d9b0ae5ecaae612c051e53acc592331dc1e467c630366"},
    {file = "line_profiler-3.5.1-cp36-cp36m-manylinux_2_5_i686.manylinux1_i686.manylinux_2_17_i686.manylinux2014_i686.whl", hash = "sha256:1b69c751b6619d36f3870512840e0190b9d19f76fb09183ce3274c69544ab959"},
    {file = "line_profiler-3.5.1-cp36-cp36m-musllinux_1_1_aarch64.whl", hash = "sha256:b932246545b6108a3bf615d2b0e5a2c905b6f4a127d27608d996a0c6ea0f2b7a"},
    {file = "line_profiler-3.5.1-cp36-cp36m-musllinux_1_1_i686.whl", hash = "sha256:801fd7f357e8fc6910441e0b26fad311a6e81b2d34b90b64ba4be3bc366ff193"},
    {file = "line_profiler-3.5.1-cp36-cp36m-musllinux_1_1_x86_64.whl", hash = "sha256:9a26590d701aebc8ce80930e623596b16cf03db44ae6845b956559b51b1f4d8f"},
    {file = "line_profiler-3.5.1-cp36-cp36m-win32.whl", hash = "sha256:2d5de461e7ff4662b8c32a8328974e6e0ad433e1dc2e596c7105d8a8ffcc6dc4"},
    {file = "line_profiler-3.5.1-cp36-cp36m-win_amd64.whl", hash = "sha256:25930cb6d4a72f2f2e238bd80d0a875ec79ee98910be0aa969c7ca45ec68efb1"},
    {file = "line_profiler-3.5.1-cp37-cp37m-macosx_10_9_x86_64.whl", hash = "sha256:71b939326d3d385372c5891900afc06e65eacdc108b28da006f59f4fee937c61"},
    {file = "line_profiler-3.5.1-cp37-cp37m-manylinux_2_17_aarch64.manylinux2014_aarch64.whl", hash = "sha256:9ef1acc35f8ffa8b4027963c1f596bfd7b2b279eecb8cbb0c662befeb09fc443"},
    {file = "line_profiler-3.5.1-cp37-cp37m-manylinux_2_17_x86_64.manylinux2014_x86_64.whl", hash = "sha256:17b8d03ab7f09af40140ec9e616d1b6dfa9b90495bd2d65a0a47052a147274bc"},
    {file = "line_profiler-3.5.1-cp37-cp37m-manylinux_2_5_i686.manylinux1_i686.manylinux_2_17_i686.manylinux2014_i686.whl", hash = "sha256:b54ff0f75736631f2b956c35ce7436519b8b8a40f99909106eb409140ed51190"},
    {file = "line_profiler-3.5.1-cp37-cp37m-musllinux_1_1_aarch64.whl", hash = "sha256:532604be45bcf1f581d9784350d7b5775b15565bf1355905edd4892aa601b40d"},
    {file = "line_profiler-3.5.1-cp37-cp37m-musllinux_1_1_i686.whl", hash = "sha256:3a5b6287752468c4548fae267dbb0f6ccb5db5d16c8828886e1ef29ffdfa9e2d"},
    {file = "line_profiler-3.5.1-cp37-cp37m-musllinux_1_1_x86_64.whl", hash = "sha256:4b680c3746a585df81e8200d28a94bfef9c7ae0748752012c90ddb4e5ca51440"},
    {file = "line_profiler-3.5.1-cp37-cp37m-win32.whl", hash = "sha256:f7f7e3de6dab51209ee1e2efe48e4c832d23d166a349dd37dedb6b0545931171"},
    {file = "line_profiler-3.5.1-cp37-cp37m-win_amd64.whl", hash = "sha256:93407999338a446b682cd2203b09d3c461e96ba5ab7b98900b3e43c51ca50986"},
    {file = "line_profiler-3.5.1-cp38-cp38-macosx_10_9_x86_64.whl", hash = "sha256:eaae9d4583160a963ed37850dabb564311fbe90a2a93add52230ece25bd861e4"},
    {file = "line_profiler-3.5.1-cp38-cp38-manylinux_2_17_aarch64.manylinux2014_aarch64.whl", hash = "sha256:c906fa9f8bcbdd3d2e5c8bd3245924c6b0a1563ca2134560d8ba3509723b8ed4"},
    {file = "line_profiler-3.5.1-cp38-cp38-manylinux_2_17_x86_64.manylinux2014_x86_64.whl", hash = "sha256:3c00208161aa03f220df57c5a7eaa734332221d64b91cea5c45d4405a1d1f056"},
    {file = "line_profiler-3.5.1-cp38-cp38-manylinux_2_5_i686.manylinux1_i686.manylinux_2_17_i686.manylinux2014_i686.whl", hash = "sha256:ef1e3b30a26e7bc24b4b4f5d0107190a200bee19c0ee0074a06a3389ab578889"},
    {file = "line_profiler-3.5.1-cp38-cp38-musllinux_1_1_aarch64.whl", hash = "sha256:b5357eb328b425a4b5ba20e2b70f94d8c6a43b38b968dffe91fc0600a35b0a03"},
    {file = "line_profiler-3.5.1-cp38-cp38-musllinux_1_1_i686.whl", hash = "sha256:82b02a7b18b307258bed445dd13ab351e53737cb7fe212a5670d98f4271b4b69"},
    {file = "line_profiler-3.5.1-cp38-cp38-musllinux_1_1_x86_64.whl", hash = "sha256:3917f4d5a01ea297b0474898f51c5dd1a7df4806ffc019da28d04089fc4e0896"},
    {file = "line_profiler-3.5.1-cp38-cp38-win32.whl", hash = "sha256:13df519e1cdf63e16325ec6cab1f441c8b588dc6148dfdd92e99f44521dc74e8"},
    {file = "line_profiler-3.5.1-cp38-cp38-win_amd64.whl", hash = "sha256:8d2280cf96644137b8033f74e712f8bce80c509f08c8a64546b795905b035066"},
    {file = "line_profiler-3.5.1-cp39-cp39-macosx_10_9_x86_64.whl", hash = "sha256:861ccf4981867ee44e381bcfffff98c1572ba055903d52d7eb4b345c66e992e8"},
    {file = "line_profiler-3.5.1-cp39-cp39-manylinux_2_17_aarch64.manylinux2014_aarch64.whl", hash = "sha256:a9102ddec1008faf4861f72ed4ec1f7a338ffe7230ead5ea7545388f57cbc39a"},
    {file = "line_profiler-3.5.1-cp39-cp39-manylinux_2_17_x86_64.manylinux2014_x86_64.whl", hash = "sha256:d38e2e878ba47fc1f9a0e4194c0d4fa034c3c9eb9fbc954c0ccb4046672ed326"},
    {file = "line_profiler-3.5.1-cp39-cp39-manylinux_2_5_i686.manylinux1_i686.manylinux_2_17_i686.manylinux2014_i686.whl", hash = "sha256:9efc10ac7ff16f8fe9f1ce6a0a783db2e3f617d5916f8d58a41f6afb13841694"},
    {file = "line_profiler-3.5.1-cp39-cp39-musllinux_1_1_aarch64.whl", hash = "sha256:d7b3cb1718bce1d35d40b3ab0bbbd528c67d930f9308622aabeaf2ed26f163ba"},
    {file = "line_profiler-3.5.1-cp39-cp39-musllinux_1_1_i686.whl", hash = "sha256:e2b6cbc9ad958c3421df6b57e318bfaa78b9e1697528729e0a0b00d25b4a7c7a"},
    {file = "line_profiler-3.5.1-cp39-cp39-musllinux_1_1_x86_64.whl", hash = "sha256:20233371c4abf160358dbbf0702228d9dd72c66682eb284651db3a76d6d1e9f0"},
    {file = "line_profiler-3.5.1-cp39-cp39-win32.whl", hash = "sha256:2ea6ce644513bb53047c3081702371869a54ffafb2cb523c6c6b6589da623764"},
    {file = "line_profiler-3.5.1-cp39-cp39-win_amd64.whl", hash = "sha256:0c717a9c08255da9f79595330f20502a32806ba96823716b8a42b26ee7b0f183"},
    {file = "line_profiler-3.5.1.tar.gz", hash = "sha256:77400208bfbd5d4341938a9a3a4fb5194f5af7fc23b2d496c913755f8310e8b8"},
]
